
Microsoft Visual Studio Solution File, Format Version 12.00
# Visual Studio Version 17
VisualStudioVersion = 17.1.32210.238
MinimumVisualStudioVersion = 10.0.40219.1
Project("{FAE04EC0-301F-11D3-BF4B-00C04F79EFBC}") = "QuizMaker", "QuizMaker\QuizMaker.csproj", "{9EFBBB95-F4F9-4552-B429-063BA57F8F31}"
EndProject
Global
	GlobalSection(SolutionConfigurationPlatforms) = preSolution
		Debug|Any CPU = Debug|Any CPU
		Release|Any CPU = Release|Any CPU
	EndGlobalSection
	GlobalSection(ProjectConfigurationPlatforms) = postSolution
		{9EFBBB95-F4F9-4552-B429-063BA57F8F31}.Debug|Any CPU.ActiveCfg = Debug|Any CPU
		{9EFBBB95-F4F9-4552-B429-063BA57F8F31}.Debug|Any CPU.Build.0 = Debug|Any CPU
		{9EFBBB95-F4F9-4552-B429-063BA57F8F31}.Release|Any CPU.ActiveCfg = Release|Any CPU
		{9EFBBB95-F4F9-4552-B429-063BA57F8F31}.Release|Any CPU.Build.0 = Release|Any CPU
	EndGlobalSection
	GlobalSection(SolutionProperties) = preSolution
		HideSolutionNode = FALSE
	EndGlobalSection
	GlobalSection(ExtensibilityGlobals) = postSolution
		SolutionGuid = {173DC80C-83BF-4B3E-B990-1461BF0704F5}
	EndGlobalSection
EndGlobal
